
Microsoft Visual Studio Solution File, Format Version 12.00
# Visual Studio 15
VisualStudioVersion = 15.0.28307.136
MinimumVisualStudioVersion = 10.0.40219.1
Project("{8BC9CEB8-8B4A-11D0-8D11-00A0C91BC942}") = "Asteroids", "AsteroidsScr\Asteroids.vcxproj", "{079AE04F-27AE-42CF-B31F-C883A4BCE6AA}"
EndProject
Global
	GlobalSection(SolutionConfigurationPlatforms) = preSolution
		Debug|x64 = Debug|x64
		Debug|x86 = Debug|x86
		Release|x64 = Release|x64
		Release|x86 = Release|x86
	EndGlobalSection
	GlobalSection(ProjectConfigurationPlatforms) = postSolution
		{079AE04F-27AE-42CF-B31F-C883A4BCE6AA}.Debug|x64.ActiveCfg = Debug|x64
		{079AE04F-27AE-42CF-B31F-C883A4BCE6AA}.Debug|x64.Build.0 = Debug|x64
		{079AE04F-27AE-42CF-B31F-C883A4BCE6AA}.Debug|x86.ActiveCfg = Debug|Win32
		{079AE04F-27AE-42CF-B31F-C883A4BCE6AA}.Debug|x86.Build.0 = Debug|Win32
		{079AE04F-27AE-42CF-B31F-C883A4BCE6AA}.Release|x64.ActiveCfg = Release|x64
		{079AE04F-27AE-42CF-B31F-C883A4BCE6AA}.Release|x64.Build.0 = Release|x64
		{079AE04F-27AE-42CF-B31F-C883A4BCE6AA}.Release|x86.ActiveCfg = Release|Win32
		{079AE04F-27AE-42CF-B31F-C883A4BCE6AA}.Release|x86.Build.0 = Release|Win32
	EndGlobalSection
	GlobalSection(SolutionProperties) = preSolution
		HideSolutionNode = FALSE
	EndGlobalSection
	GlobalSection(ExtensibilityGlobals) = postSolution
		SolutionGuid = {4D7011B1-EA2B-4D77-81ED-3931FDAAD823}
	EndGlobalSection
EndGlobal
